
Microsoft Visual Studio Solution File, Format Version 12.00
# Visual Studio 15
VisualStudioVersion = 15.0.28307.960
MinimumVisualStudioVersion = 10.0.40219.1
Project("{FAE04EC0-301F-11D3-BF4B-00C04F79EFBC}") = "Wish2DishWeb", "Wish2DishWeb\Wish2DishWeb.csproj", "{0C1713FE-6D78-46EF-8945-942533A9B4FC}"
EndProject
Project("{FAE04EC0-301F-11D3-BF4B-00C04F79EFBC}") = "Web", "Web\Web.csproj", "{FC9F7C6C-A4D1-45A4-9D9E-9BC6B25358DC}"
EndProject
Project("{262852C6-CD72-467D-83FE-5EEB1973A190}") = "WDMob", "WDMob\WDMob.jsproj", "{75801D30-A41B-4CDA-B0F4-DF599051DA9E}"
EndProject
Project("{FAE04EC0-301F-11D3-BF4B-00C04F79EFBC}") = "W2DApi", "W2DApi\W2DApi.csproj", "{702B393C-C08E-43BD-8CD0-275BBB4B5F61}"
EndProject
Project("{00D1A9C2-B5F0-4AF3-8072-F6C62B433612}") = "W2DDB", "W2DDB\W2DDB.sqlproj", "{1528CD4C-B3C4-419C-8136-F0E3FCC5F4AF}"
EndProject
Global
	GlobalSection(SolutionConfigurationPlatforms) = preSolution
		Debug|Android = Debug|Android
		Debug|Any CPU = Debug|Any CPU
		Debug|iOS = Debug|iOS
		Debug|Windows-ARM = Debug|Windows-ARM
		Debug|Windows-x64 = Debug|Windows-x64
		Debug|Windows-x86 = Debug|Windows-x86
		Release|Android = Release|Android
		Release|Any CPU = Release|Any CPU
		Release|iOS = Release|iOS
		Release|Windows-ARM = Release|Windows-ARM
		Release|Windows-x64 = Release|Windows-x64
		Release|Windows-x86 = Release|Windows-x86
	EndGlobalSection
	GlobalSection(ProjectConfigurationPlatforms) = postSolution
		{0C1713FE-6D78-46EF-8945-942533A9B4FC}.Debug|Android.ActiveCfg = Debug|Any CPU
		{0C1713FE-6D78-46EF-8945-942533A9B4FC}.Debug|Android.Build.0 = Debug|Any CPU
		{0C1713FE-6D78-46EF-8945-942533A9B4FC}.Debug|Any CPU.ActiveCfg = Debug|Any CPU
		{0C1713FE-6D78-46EF-8945-942533A9B4FC}.Debug|Any CPU.Build.0 = Debug|Any CPU
		{0C1713FE-6D78-46EF-8945-942533A9B4FC}.Debug|iOS.ActiveCfg = Debug|Any CPU
		{0C1713FE-6D78-46EF-8945-942533A9B4FC}.Debug|iOS.Build.0 = Debug|Any CPU
		{0C1713FE-6D78-46EF-8945-942533A9B4FC}.Debug|Windows-ARM.ActiveCfg = Debug|Any CPU
		{0C1713FE-6D78-46EF-8945-942533A9B4FC}.Debug|Windows-ARM.Build.0 = Debug|Any CPU
		{0C1713FE-6D78-46EF-8945-942533A9B4FC}.Debug|Windows-x64.ActiveCfg = Debug|Any CPU
		{0C1713FE-6D78-46EF-8945-942533A9B4FC}.Debug|Windows-x64.Build.0 = Debug|Any CPU
		{0C1713FE-6D78-46EF-8945-942533A9B4FC}.Debug|Windows-x86.ActiveCfg = Debug|Any CPU
		{0C1713FE-6D78-46EF-8945-942533A9B4FC}.Debug|Windows-x86.Build.0 = Debug|Any CPU
		{0C1713FE-6D78-46EF-8945-942533A9B4FC}.Release|Android.ActiveCfg = Release|Any CPU
		{0C1713FE-6D78-46EF-8945-942533A9B4FC}.Release|Android.Build.0 = Release|Any CPU
		{0C1713FE-6D78-46EF-8945-942533A9B4FC}.Release|Any CPU.ActiveCfg = Release|Any CPU
		{0C1713FE-6D78-46EF-8945-942533A9B4FC}.Release|Any CPU.Build.0 = Release|Any CPU
		{0C1713FE-6D78-46EF-8945-942533A9B4FC}.Release|iOS.ActiveCfg = Release|Any CPU
		{0C1713FE-6D78-46EF-8945-942533A9B4FC}.Release|iOS.Build.0 = Release|Any CPU
		{0C1713FE-6D78-46EF-8945-942533A9B4FC}.Release|Windows-ARM.ActiveCfg = Release|Any CPU
		{0C1713FE-6D78-46EF-8945-942533A9B4FC}.Release|Windows-ARM.Build.0 = Release|Any CPU
		{0C1713FE-6D78-46EF-8945-942533A9B4FC}.Release|Windows-x64.ActiveCfg = Release|Any CPU
		{0C1713FE-6D78-46EF-8945-942533A9B4FC}.Release|Windows-x64.Build.0 = Release|Any CPU
		{0C1713FE-6D78-46EF-8945-942533A9B4FC}.Release|Windows-x86.ActiveCfg = Release|Any CPU
		{0C1713FE-6D78-46EF-8945-942533A9B4FC}.Release|Windows-x86.Build.0 = Release|Any CPU
		{FC9F7C6C-A4D1-45A4-9D9E-9BC6B25358DC}.Debug|Android.ActiveCfg = Debug|Any CPU
		{FC9F7C6C-A4D1-45A4-9D9E-9BC6B25358DC}.Debug|Android.Build.0 = Debug|Any CPU
		{FC9F7C6C-A4D1-45A4-9D9E-9BC6B25358DC}.Debug|Any CPU.ActiveCfg = Debug|Any CPU
		{FC9F7C6C-A4D1-45A4-9D9E-9BC6B25358DC}.Debug|Any CPU.Build.0 = Debug|Any CPU
		{FC9F7C6C-A4D1-45A4-9D9E-9BC6B25358DC}.Debug|iOS.ActiveCfg = Debug|Any CPU
		{FC9F7C6C-A4D1-45A4-9D9E-9BC6B25358DC}.Debug|iOS.Build.0 = Debug|Any CPU
		{FC9F7C6C-A4D1-45A4-9D9E-9BC6B25358DC}.Debug|Windows-ARM.ActiveCfg = Debug|Any CPU
		{FC9F7C6C-A4D1-45A4-9D9E-9BC6B25358DC}.Debug|Windows-ARM.Build.0 = Debug|Any CPU
		{FC9F7C6C-A4D1-45A4-9D9E-9BC6B25358DC}.Debug|Windows-x64.ActiveCfg = Debug|Any CPU
		{FC9F7C6C-A4D1-45A4-9D9E-9BC6B25358DC}.Debug|Windows-x64.Build.0 = Debug|Any CPU
		{FC9F7C6C-A4D1-45A4-9D9E-9BC6B25358DC}.Debug|Windows-x86.ActiveCfg = Debug|Any CPU
		{FC9F7C6C-A4D1-45A4-9D9E-9BC6B25358DC}.Debug|Windows-x86.Build.0 = Debug|Any CPU
		{FC9F7C6C-A4D1-45A4-9D9E-9BC6B25358DC}.Release|Android.ActiveCfg = Release|Any CPU
		{FC9F7C6C-A4D1-45A4-9D9E-9BC6B25358DC}.Release|Android.Build.0 = Release|Any CPU
		{FC9F7C6C-A4D1-45A4-9D9E-9BC6B25358DC}.Release|Any CPU.ActiveCfg = Release|Any CPU
		{FC9F7C6C-A4D1-45A4-9D9E-9BC6B25358DC}.Release|Any CPU.Build.0 = Release|Any CPU
		{FC9F7C6C-A4D1-45A4-9D9E-9BC6B25358DC}.Release|iOS.ActiveCfg = Release|Any CPU
		{FC9F7C6C-A4D1-45A4-9D9E-9BC6B25358DC}.Release|iOS.Build.0 = Release|Any CPU
		{FC9F7C6C-A4D1-45A4-9D9E-9BC6B25358DC}.Release|Windows-ARM.ActiveCfg = Release|Any CPU
		{FC9F7C6C-A4D1-45A4-9D9E-9BC6B25358DC}.Release|Windows-ARM.Build.0 = Release|Any CPU
		{FC9F7C6C-A4D1-45A4-9D9E-9BC6B25358DC}.Release|Windows-x64.ActiveCfg = Release|Any CPU
		{FC9F7C6C-A4D1-45A4-9D9E-9BC6B25358DC}.Release|Windows-x64.Build.0 = Release|Any CPU
		{FC9F7C6C-A4D1-45A4-9D9E-9BC6B25358DC}.Release|Windows-x86.ActiveCfg = Release|Any CPU
		{FC9F7C6C-A4D1-45A4-9D9E-9BC6B25358DC}.Release|Windows-x86.Build.0 = Release|Any CPU
		{75801D30-A41B-4CDA-B0F4-DF599051DA9E}.Debug|Android.ActiveCfg = Debug|Android
		{75801D30-A41B-4CDA-B0F4-DF599051DA9E}.Debug|Android.Build.0 = Debug|Android
		{75801D30-A41B-4CDA-B0F4-DF599051DA9E}.Debug|Android.Deploy.0 = Debug|Android
		{75801D30-A41B-4CDA-B0F4-DF599051DA9E}.Debug|Any CPU.ActiveCfg = Debug|Android
		{75801D30-A41B-4CDA-B0F4-DF599051DA9E}.Debug|iOS.ActiveCfg = Debug|iOS
		{75801D30-A41B-4CDA-B0F4-DF599051DA9E}.Debug|iOS.Build.0 = Debug|iOS
		{75801D30-A41B-4CDA-B0F4-DF599051DA9E}.Debug|iOS.Deploy.0 = Debug|iOS
		{75801D30-A41B-4CDA-B0F4-DF599051DA9E}.Debug|Windows-ARM.ActiveCfg = Debug|Windows-ARM
		{75801D30-A41B-4CDA-B0F4-DF599051DA9E}.Debug|Windows-ARM.Build.0 = Debug|Windows-ARM
		{75801D30-A41B-4CDA-B0F4-DF599051DA9E}.Debug|Windows-ARM.Deploy.0 = Debug|Windows-ARM
		{75801D30-A41B-4CDA-B0F4-DF599051DA9E}.Debug|Windows-x64.ActiveCfg = Debug|Windows-x64
		{75801D30-A41B-4CDA-B0F4-DF599051DA9E}.Debug|Windows-x64.Build.0 = Debug|Windows-x64
		{75801D30-A41B-4CDA-B0F4-DF599051DA9E}.Debug|Windows-x64.Deploy.0 = Debug|Windows-x64
		{75801D30-A41B-4CDA-B0F4-DF599051DA9E}.Debug|Windows-x86.ActiveCfg = Debug|Windows-x86
		{75801D30-A41B-4CDA-B0F4-DF599051DA9E}.Debug|Windows-x86.Build.0 = Debug|Windows-x86
		{75801D30-A41B-4CDA-B0F4-DF599051DA9E}.Debug|Windows-x86.Deploy.0 = Debug|Windows-x86
		{75801D30-A41B-4CDA-B0F4-DF599051DA9E}.Release|Android.ActiveCfg = Release|Android
		{75801D30-A41B-4CDA-B0F4-DF599051DA9E}.Release|Android.Build.0 = Release|Android
		{75801D30-A41B-4CDA-B0F4-DF599051DA9E}.Release|Android.Deploy.0 = Release|Android
		{75801D30-A41B-4CDA-B0F4-DF599051DA9E}.Release|Any CPU.ActiveCfg = Release|Android
		{75801D30-A41B-4CDA-B0F4-DF599051DA9E}.Release|iOS.ActiveCfg = Release|iOS
		{75801D30-A41B-4CDA-B0F4-DF599051DA9E}.Release|iOS.Build.0 = Release|iOS
		{75801D30-A41B-4CDA-B0F4-DF599051DA9E}.Release|iOS.Deploy.0 = Release|iOS
		{75801D30-A41B-4CDA-B0F4-DF599051DA9E}.Release|Windows-ARM.ActiveCfg = Release|Windows-ARM
		{75801D30-A41B-4CDA-B0F4-DF599051DA9E}.Release|Windows-ARM.Build.0 = Release|Windows-ARM
		{75801D30-A41B-4CDA-B0F4-DF599051DA9E}.Release|Windows-ARM.Deploy.0 = Release|Windows-ARM
		{75801D30-A41B-4CDA-B0F4-DF599051DA9E}.Release|Windows-x64.ActiveCfg = Release|Windows-x64
		{75801D30-A41B-4CDA-B0F4-DF599051DA9E}.Release|Windows-x64.Build.0 = Release|Windows-x64
		{75801D30-A41B-4CDA-B0F4-DF599051DA9E}.Release|Windows-x64.Deploy.0 = Release|Windows-x64
		{75801D30-A41B-4CDA-B0F4-DF599051DA9E}.Release|Windows-x86.ActiveCfg = Release|Windows-x86
		{75801D30-A41B-4CDA-B0F4-DF599051DA9E}.Release|Windows-x86.Build.0 = Release|Windows-x86
		{75801D30-A41B-4CDA-B0F4-DF599051DA9E}.Release|Windows-x86.Deploy.0 = Release|Windows-x86
		{702B393C-C08E-43BD-8CD0-275BBB4B5F61}.Debug|Android.ActiveCfg = Debug|Any CPU
		{702B393C-C08E-43BD-8CD0-275BBB4B5F61}.Debug|Android.Build.0 = Debug|Any CPU
		{702B393C-C08E-43BD-8CD0-275BBB4B5F61}.Debug|Any CPU.ActiveCfg = Debug|Any CPU
		{702B393C-C08E-43BD-8CD0-275BBB4B5F61}.Debug|Any CPU.Build.0 = Debug|Any CPU
		{702B393C-C08E-43BD-8CD0-275BBB4B5F61}.Debug|iOS.ActiveCfg = Debug|Any CPU
		{702B393C-C08E-43BD-8CD0-275BBB4B5F61}.Debug|iOS.Build.0 = Debug|Any CPU
		{702B393C-C08E-43BD-8CD0-275BBB4B5F61}.Debug|Windows-ARM.ActiveCfg = Debug|Any CPU
		{702B393C-C08E-43BD-8CD0-275BBB4B5F61}.Debug|Windows-ARM.Build.0 = Debug|Any CPU
		{702B393C-C08E-43BD-8CD0-275BBB4B5F61}.Debug|Windows-x64.ActiveCfg = Debug|Any CPU
		{702B393C-C08E-43BD-8CD0-275BBB4B5F61}.Debug|Windows-x64.Build.0 = Debug|Any CPU
		{702B393C-C08E-43BD-8CD0-275BBB4B5F61}.Debug|Windows-x86.ActiveCfg = Debug|Any CPU
		{702B393C-C08E-43BD-8CD0-275BBB4B5F61}.Debug|Windows-x86.Build.0 = Debug|Any CPU
		{702B393C-C08E-43BD-8CD0-275BBB4B5F61}.Release|Android.ActiveCfg = Release|Any CPU
		{702B393C-C08E-43BD-8CD0-275BBB4B5F61}.Release|Android.Build.0 = Release|Any CPU
		{702B393C-C08E-43BD-8CD0-275BBB4B5F61}.Release|Any CPU.ActiveCfg = Release|Any CPU
		{702B393C-C08E-43BD-8CD0-275BBB4B5F61}.Release|Any CPU.Build.0 = Release|Any CPU
		{702B393C-C08E-43BD-8CD0-275BBB4B5F61}.Release|iOS.ActiveCfg = Release|Any CPU
		{702B393C-C08E-43BD-8CD0-275BBB4B5F61}.Release|iOS.Build.0 = Release|Any CPU
		{702B393C-C08E-43BD-8CD0-275BBB4B5F61}.Release|Windows-ARM.ActiveCfg = Release|Any CPU
		{702B393C-C08E-43BD-8CD0-275BBB4B5F61}.Release|Windows-ARM.Build.0 = Release|Any CPU
		{702B393C-C08E-43BD-8CD0-275BBB4B5F61}.Release|Windows-x64.ActiveCfg = Release|Any CPU
		{702B393C-C08E-43BD-8CD0-275BBB4B5F61}.Release|Windows-x64.Build.0 = Release|Any CPU
		{702B393C-C08E-43BD-8CD0-275BBB4B5F61}.Release|Windows-x86.ActiveCfg = Release|Any CPU
		{702B393C-C08E-43BD-8CD0-275BBB4B5F61}.Release|Windows-x86.Build.0 = Release|Any CPU
		{1528CD4C-B3C4-419C-8136-F0E3FCC5F4AF}.Debug|Android.ActiveCfg = Debug|Any CPU
		{1528CD4C-B3C4-419C-8136-F0E3FCC5F4AF}.Debug|Android.Build.0 = Debug|Any CPU
		{1528CD4C-B3C4-419C-8136-F0E3FCC5F4AF}.Debug|Android.Deploy.0 = Debug|Any CPU
		{1528CD4C-B3C4-419C-8136-F0E3FCC5F4AF}.Debug|Any CPU.ActiveCfg = Debug|Any CPU
		{1528CD4C-B3C4-419C-8136-F0E3FCC5F4AF}.Debug|Any CPU.Build.0 = Debug|Any CPU
		{1528CD4C-B3C4-419C-8136-F0E3FCC5F4AF}.Debug|Any CPU.Deploy.0 = Debug|Any CPU
		{1528CD4C-B3C4-419C-8136-F0E3FCC5F4AF}.Debug|iOS.ActiveCfg = Debug|Any CPU
		{1528CD4C-B3C4-419C-8136-F0E3FCC5F4AF}.Debug|iOS.Build.0 = Debug|Any CPU
		{1528CD4C-B3C4-419C-8136-F0E3FCC5F4AF}.Debug|iOS.Deploy.0 = Debug|Any CPU
		{1528CD4C-B3C4-419C-8136-F0E3FCC5F4AF}.Debug|Windows-ARM.ActiveCfg = Debug|Any CPU
		{1528CD4C-B3C4-419C-8136-F0E3FCC5F4AF}.Debug|Windows-ARM.Build.0 = Debug|Any CPU
		{1528CD4C-B3C4-419C-8136-F0E3FCC5F4AF}.Debug|Windows-ARM.Deploy.0 = Debug|Any CPU
		{1528CD4C-B3C4-419C-8136-F0E3FCC5F4AF}.Debug|Windows-x64.ActiveCfg = Debug|Any CPU
		{1528CD4C-B3C4-419C-8136-F0E3FCC5F4AF}.Debug|Windows-x64.Build.0 = Debug|Any CPU
		{1528CD4C-B3C4-419C-8136-F0E3FCC5F4AF}.Debug|Windows-x64.Deploy.0 = Debug|Any CPU
		{1528CD4C-B3C4-419C-8136-F0E3FCC5F4AF}.Debug|Windows-x86.ActiveCfg = Debug|Any CPU
		{1528CD4C-B3C4-419C-8136-F0E3FCC5F4AF}.Debug|Windows-x86.Build.0 = Debug|Any CPU
		{1528CD4C-B3C4-419C-8136-F0E3FCC5F4AF}.Debug|Windows-x86.Deploy.0 = Debug|Any CPU
		{1528CD4C-B3C4-419C-8136-F0E3FCC5F4AF}.Release|Android.ActiveCfg = Release|Any CPU
		{1528CD4C-B3C4-419C-8136-F0E3FCC5F4AF}.Release|Android.Build.0 = Release|Any CPU
		{1528CD4C-B3C4-419C-8136-F0E3FCC5F4AF}.Release|Android.Deploy.0 = Release|Any CPU
		{1528CD4C-B3C4-419C-8136-F0E3FCC5F4AF}.Release|Any CPU.ActiveCfg = Release|Any CPU
		{1528CD4C-B3C4-419C-8136-F0E3FCC5F4AF}.Release|Any CPU.Build.0 = Release|Any CPU
		{1528CD4C-B3C4-419C-8136-F0E3FCC5F4AF}.Release|Any CPU.Deploy.0 = Release|Any CPU
		{1528CD4C-B3C4-419C-8136-F0E3FCC5F4AF}.Release|iOS.ActiveCfg = Release|Any CPU
		{1528CD4C-B3C4-419C-8136-F0E3FCC5F4AF}.Release|iOS.Build.0 = Release|Any CPU
		{1528CD4C-B3C4-419C-8136-F0E3FCC5F4AF}.Release|iOS.Deploy.0 = Release|Any CPU
		{1528CD4C-B3C4-419C-8136-F0E3FCC5F4AF}.Release|Windows-ARM.ActiveCfg = Release|Any CPU
		{1528CD4C-B3C4-419C-8136-F0E3FCC5F4AF}.Release|Windows-ARM.Build.0 = Release|Any CPU
		{1528CD4C-B3C4-419C-8136-F0E3FCC5F4AF}.Release|Windows-ARM.Deploy.0 = Release|Any CPU
		{1528CD4C-B3C4-419C-8136-F0E3FCC5F4AF}.Release|Windows-x64.ActiveCfg = Release|Any CPU
		{1528CD4C-B3C4-419C-8136-F0E3FCC5F4AF}.Release|Windows-x64.Build.0 = Release|Any CPU
		{1528CD4C-B3C4-419C-8136-F0E3FCC5F4AF}.Release|Windows-x64.Deploy.0 = Release|Any CPU
		{1528CD4C-B3C4-419C-8136-F0E3FCC5F4AF}.Release|Windows-x86.ActiveCfg = Release|Any CPU
		{1528CD4C-B3C4-419C-8136-F0E3FCC5F4AF}.Release|Windows-x86.Build.0 = Release|Any CPU
		{1528CD4C-B3C4-419C-8136-F0E3FCC5F4AF}.Release|Windows-x86.Deploy.0 = Release|Any CPU
	EndGlobalSection
	GlobalSection(SolutionProperties) = preSolution
		HideSolutionNode = FALSE
	EndGlobalSection
	GlobalSection(ExtensibilityGlobals) = postSolution
		SolutionGuid = {2DCB2213-496A-4C37-99DA-73D39482A545}
	EndGlobalSection
EndGlobal
